
Microsoft Visual Studio Solution File, Format Version 12.00
# Visual Studio 2017
Project("{FAE04EC0-301F-11D3-BF4B-00C04F79EFBC}") = "ASL_VR_2017", "ASL_VR_2017.csproj", "{FA709AFC-996C-4599-D4E7-B65A433D0E4D}"
EndProject
Project("{FAE04EC0-301F-11D3-BF4B-00C04F79EFBC}") = "ASL_VR_2017.Editor", "ASL_VR_2017.Editor.csproj", "{5EFB4077-D52E-C499-2DD4-C5F5CBE65C57}"
EndProject
Global
	GlobalSection(SolutionConfigurationPlatforms) = preSolution
		Debug|Any CPU = Debug|Any CPU
		Release|Any CPU = Release|Any CPU
	EndGlobalSection
	GlobalSection(ProjectConfigurationPlatforms) = postSolution
		{FA709AFC-996C-4599-D4E7-B65A433D0E4D}.Debug|Any CPU.ActiveCfg = Debug|Any CPU
		{FA709AFC-996C-4599-D4E7-B65A433D0E4D}.Debug|Any CPU.Build.0 = Debug|Any CPU
		{FA709AFC-996C-4599-D4E7-B65A433D0E4D}.Release|Any CPU.ActiveCfg = Release|Any CPU
		{FA709AFC-996C-4599-D4E7-B65A433D0E4D}.Release|Any CPU.Build.0 = Release|Any CPU
		{5EFB4077-D52E-C499-2DD4-C5F5CBE65C57}.Debug|Any CPU.ActiveCfg = Debug|Any CPU
		{5EFB4077-D52E-C499-2DD4-C5F5CBE65C57}.Debug|Any CPU.Build.0 = Debug|Any CPU
		{5EFB4077-D52E-C499-2DD4-C5F5CBE65C57}.Release|Any CPU.ActiveCfg = Release|Any CPU
		{5EFB4077-D52E-C499-2DD4-C5F5CBE65C57}.Release|Any CPU.Build.0 = Release|Any CPU
	EndGlobalSection
	GlobalSection(SolutionProperties) = preSolution
		HideSolutionNode = FALSE
	EndGlobalSection
EndGlobal
